
Microsoft Visual Studio Solution File, Format Version 12.00
# Visual Studio Version 17
VisualStudioVersion = 17.11.35303.130
MinimumVisualStudioVersion = 10.0.40219.1
Project("{FAE04EC0-301F-11D3-BF4B-00C04F79EFBC}") = "RepositorioGit", "RepositorioGit\RepositorioGit.csproj", "{D621049E-4A5C-4195-8442-A15F41F7CD2B}"
EndProject
Global
	GlobalSection(SolutionConfigurationPlatforms) = preSolution
		Debug|Any CPU = Debug|Any CPU
		Release|Any CPU = Release|Any CPU
	EndGlobalSection
	GlobalSection(ProjectConfigurationPlatforms) = postSolution
		{D621049E-4A5C-4195-8442-A15F41F7CD2B}.Debug|Any CPU.ActiveCfg = Debug|Any CPU
		{D621049E-4A5C-4195-8442-A15F41F7CD2B}.Debug|Any CPU.Build.0 = Debug|Any CPU
		{D621049E-4A5C-4195-8442-A15F41F7CD2B}.Release|Any CPU.ActiveCfg = Release|Any CPU
		{D621049E-4A5C-4195-8442-A15F41F7CD2B}.Release|Any CPU.Build.0 = Release|Any CPU
	EndGlobalSection
	GlobalSection(SolutionProperties) = preSolution
		HideSolutionNode = FALSE
	EndGlobalSection
	GlobalSection(ExtensibilityGlobals) = postSolution
		SolutionGuid = {A78B5FCC-1F9A-4913-B899-C94FBA1E4BC0}
	EndGlobalSection
EndGlobal
